schema: '2.0'
stages:
  train:
    cmd: python train.py
    deps:
    - path: data
      md5: 21060888834f7220846d1c6f6c04e649.dir
      size: 64128504
      nfiles: 2800
    - path: train.py
      md5: 5edbd6fadb9d2e9c01eb3593b76d48a6
      size: 4462
    outs:
    - path: model.h5
      md5: ff13018bdcf4cdf78b0d703bff7ed728
      size: 8405536
    - path: training_metrics
      md5: 6ecbe1baf2e803f6bdff3e7e6e6b430f.dir
      size: 14912
      nfiles: 4
