schema: '2.0'
stages:
  train:
    cmd: python train.py
    deps:
    - path: data
      md5: 21060888834f7220846d1c6f6c04e649.dir
      size: 64128504
      nfiles: 2800
    - path: train.py
      md5: 547b5bf0231174b7a18a1cbaf88705df
      size: 4623
    params:
      params.yaml:
        train.batch_size: 21
        train.epochs: 100
        train.seed: 123456789
    outs:
    - path: model.h5
      md5: 991dd08c48adf22bb0d3afc07da25873
      size: 8405536
    - path: training_metrics
      md5: 4842060ff5f13ca9f157bc3756338200.dir
      size: 14974
      nfiles: 4
