schema: '2.0'
stages:
  train:
    cmd: python train.py
    deps:
    - path: data
      md5: 21060888834f7220846d1c6f6c04e649.dir
      size: 64128504
      nfiles: 2800
    - path: train.py
      md5: 747ad3961171c247bd413e7d2528d0e7
      size: 4462
    outs:
    - path: model.h5
      md5: 7e662ef8bff46a39cc67b3db3d23ad09
      size: 8405536
    - path: training_metrics
      md5: 091afac4765bf4a55128d0826cb4f080.dir
      size: 19466
      nfiles: 4
